
Microsoft Visual Studio Solution File, Format Version 12.00
# Visual Studio Version 17
VisualStudioVersion = 17.7.34031.279
MinimumVisualStudioVersion = 10.0.40219.1
Project("{FAE04EC0-301F-11D3-BF4B-00C04F79EFBC}") = "Laboratorio 7 _ ejercicio 2", "Laboratorio 7 _ ejercicio 2.csproj", "{CC28AB6B-C900-45C7-A735-26785D305231}"
EndProject
Global
	GlobalSection(SolutionConfigurationPlatforms) = preSolution
		Debug|Any CPU = Debug|Any CPU
		Release|Any CPU = Release|Any CPU
	EndGlobalSection
	GlobalSection(ProjectConfigurationPlatforms) = postSolution
		{CC28AB6B-C900-45C7-A735-26785D305231}.Debug|Any CPU.ActiveCfg = Debug|Any CPU
		{CC28AB6B-C900-45C7-A735-26785D305231}.Debug|Any CPU.Build.0 = Debug|Any CPU
		{CC28AB6B-C900-45C7-A735-26785D305231}.Release|Any CPU.ActiveCfg = Release|Any CPU
		{CC28AB6B-C900-45C7-A735-26785D305231}.Release|Any CPU.Build.0 = Release|Any CPU
	EndGlobalSection
	GlobalSection(SolutionProperties) = preSolution
		HideSolutionNode = FALSE
	EndGlobalSection
	GlobalSection(ExtensibilityGlobals) = postSolution
		SolutionGuid = {4D48C15C-BD85-4969-815B-695FF22DBB64}
	EndGlobalSection
EndGlobal
